{
  "name": "MaterialReactSelect",
  "version": "1.0.0",
  "lockfileVersion": 1,
  "requires": true,
  "dependencies": {
    "@material/animation": {
      "version": "1.0.0",
      "resolved": "https://registry.npmjs.org/@material/animation/-/animation-1.0.0.tgz",
      "integrity": "sha512-Ed5/vggn6ZhSJ87yn3ZS1d826VJNFz73jHF2bSsgRtHDoB8KCuOwQMfdgAgDa4lKDF6CDIPCKBZPKrs2ubehdw==",
      "requires": {
        "tslib": "^1.9.3"
      }
    },
    "@material/base": {
      "version": "1.0.0",
      "resolved": "https://registry.npmjs.org/@material/base/-/base-1.0.0.tgz",
      "integrity": "sha512-5dxFp46x5FA+Epg6YHLzN+5zRt9S2wR84UdvVAEJ1egea94m9UHUg7y9tAnNSN16aexRSywmzyLwPr+i8PGEYA==",
      "requires": {
        "tslib": "^1.9.3"
      }
    },
    "@material/checkbox": {
      "version": "0.41.0",
      "resolved": "https://registry.npmjs.org/@material/checkbox/-/checkbox-0.41.0.tgz",
      "integrity": "sha512-Zz6e5WRpziO7Z+4rbEs8GHNNBf1UuttniLp6/RvwPSQRaD8G04sdg4HcP/aDCY1KGMwivkuDPc2Bsgs6j+rD7Q==",
      "requires": {
        "@material/animation": "^0.41.0",
        "@material/base": "^0.41.0",
        "@material/ripple": "^0.41.0",
        "@material/rtl": "^0.40.1",
        "@material/selection-control": "^0.41.0",
        "@material/theme": "^0.41.0"
      },
      "dependencies": {
        "@material/animation": {
          "version": "0.41.0",
          "resolved": "https://registry.npmjs.org/@material/animation/-/animation-0.41.0.tgz",
          "integrity": "sha512-yYAwJbX3Q2AFd4dr6IYOsWLQy2HN8zWOFVl9AbUXunjzTfJCa/ecfXCriaT6qkmoNoHeTdJHRrsQJZC5GsPvzA=="
        },
        "@material/base": {
          "version": "0.41.0",
          "resolved": "https://registry.npmjs.org/@material/base/-/base-0.41.0.tgz",
          "integrity": "sha512-tEyzwBRu3d1H120SfKsDVYZHcqT5lKohh/7cWKR93aAaPDkSvjpKJIjyu2yuSkjpDduVZGzVocYbOvhUKhhzXQ=="
        },
        "@material/ripple": {
          "version": "0.41.0",
          "resolved": "https://registry.npmjs.org/@material/ripple/-/ripple-0.41.0.tgz",
          "integrity": "sha512-rxEUVWM4AByDlTCH0kkthZQmUuY6eeN0X6cOHBoioFN2vUDk0D0Nfzz/N9FF2AlAf8C2lDDLrTuqnJPVIn+NHA==",
          "requires": {
            "@material/animation": "^0.41.0",
            "@material/base": "^0.41.0",
            "@material/theme": "^0.41.0"
          }
        },
        "@material/rtl": {
          "version": "0.40.1",
          "resolved": "https://registry.npmjs.org/@material/rtl/-/rtl-0.40.1.tgz",
          "integrity": "sha512-Pk6Iw1/KrhWZoZtkDsPMDUW0bm7Z1zeXb3MTQRCFmjf1wU5cRxgOTtuoZLcJqlcKGppLAzJL/TJV3E7KEiuL0A=="
        },
        "@material/theme": {
          "version": "0.41.0",
          "resolved": "https://registry.npmjs.org/@material/theme/-/theme-0.41.0.tgz",
          "integrity": "sha512-ohW2JxObKOWvP34EkIIcrEVtL3g0Gs/T3/MdOsM36euyshY8Jwl1f6fjVUQvVjSpixUtSb30/+ulblF8fTOwBg=="
        }
      }
    },
    "@material/dom": {
      "version": "1.1.0",
      "resolved": "https://registry.npmjs.org/@material/dom/-/dom-1.1.0.tgz",
      "integrity": "sha512-+HWW38ZaM2UBPu4+7QCusLDSf4tFT31rsEXHkTkxYSg/QpDivfPx6YDz4OmYtafmhPR1d1YjqB3MYysUHdodyw==",
      "requires": {
        "tslib": "^1.9.3"
      }
    },
    "@material/elevation": {
      "version": "1.1.0",
      "resolved": "https://registry.npmjs.org/@material/elevation/-/elevation-1.1.0.tgz",
      "integrity": "sha512-m4eATJvDhWK1BT+yA1iHz5mhAk8cV9olC4mjVzm4PTAqhDH2yya4WzjN1HPVHE/a65ObyZ7V4qopxu9MRocm3A==",
      "requires": {
        "@material/animation": "^1.0.0",
        "@material/feature-targeting": "^0.44.1",
        "@material/theme": "^1.1.0"
      }
    },
    "@material/feature-targeting": {
      "version": "0.44.1",
      "resolved": "https://registry.npmjs.org/@material/feature-targeting/-/feature-targeting-0.44.1.tgz",
      "integrity": "sha512-90cc7njn4aHbH9UxY8qgZth1W5JgOgcEdWdubH1t7sFkwqFxS5g3zgxSBt46TygFBVIXNZNq35Xmg80wgqO7Pg=="
    },
    "@material/floating-label": {
      "version": "1.1.0",
      "resolved": "https://registry.npmjs.org/@material/floating-label/-/floating-label-1.1.0.tgz",
      "integrity": "sha512-7q7V+9o9XesgMnK11up9z+BcRFwtLIAIqVTCL3liKRARNHuzw9FGrGMKhTJUKvLZ3z0bM1+FmmVlA3q9FJWehQ==",
      "requires": {
        "@material/animation": "^1.0.0",
        "@material/base": "^1.0.0",
        "@material/rtl": "^0.42.0",
        "@material/theme": "^1.1.0",
        "@material/typography": "^1.0.0",
        "tslib": "^1.9.3"
      }
    },
    "@material/form-field": {
      "version": "0.41.0",
      "resolved": "https://registry.npmjs.org/@material/form-field/-/form-field-0.41.0.tgz",
      "integrity": "sha512-vNduTfxS1KHCt/NATfX56m7iSXqcemrDq3NMX0txijUQyZ3Sr4xdUQdys+2ky/rBuQTVqBBsc9ixIyHehECaoQ==",
      "requires": {
        "@material/base": "^0.41.0",
        "@material/rtl": "^0.40.1",
        "@material/selection-control": "^0.41.0",
        "@material/theme": "^0.41.0",
        "@material/typography": "^0.41.0"
      },
      "dependencies": {
        "@material/base": {
          "version": "0.41.0",
          "resolved": "https://registry.npmjs.org/@material/base/-/base-0.41.0.tgz",
          "integrity": "sha512-tEyzwBRu3d1H120SfKsDVYZHcqT5lKohh/7cWKR93aAaPDkSvjpKJIjyu2yuSkjpDduVZGzVocYbOvhUKhhzXQ=="
        },
        "@material/rtl": {
          "version": "0.40.1",
          "resolved": "https://registry.npmjs.org/@material/rtl/-/rtl-0.40.1.tgz",
          "integrity": "sha512-Pk6Iw1/KrhWZoZtkDsPMDUW0bm7Z1zeXb3MTQRCFmjf1wU5cRxgOTtuoZLcJqlcKGppLAzJL/TJV3E7KEiuL0A=="
        },
        "@material/theme": {
          "version": "0.41.0",
          "resolved": "https://registry.npmjs.org/@material/theme/-/theme-0.41.0.tgz",
          "integrity": "sha512-ohW2JxObKOWvP34EkIIcrEVtL3g0Gs/T3/MdOsM36euyshY8Jwl1f6fjVUQvVjSpixUtSb30/+ulblF8fTOwBg=="
        },
        "@material/typography": {
          "version": "0.41.0",
          "resolved": "https://registry.npmjs.org/@material/typography/-/typography-0.41.0.tgz",
          "integrity": "sha512-15dlqSU+9uGcWdg4KXXcmDzTKJPb7/5Z9kmooONb2Laot1uiuntDXQS0yL+U2FYLW5Ros+WVMosDBKFruWx68A=="
        }
      }
    },
    "@material/line-ripple": {
      "version": "1.1.0",
      "resolved": "https://registry.npmjs.org/@material/line-ripple/-/line-ripple-1.1.0.tgz",
      "integrity": "sha512-XqCxDNfgkh9zq0IVlTEFVjmQV8hx8m4vxLFM5qwHDDqcKPlX/Lfc8M43fmm9uE1CaJBC6whMGPvOt/dIla+RUg==",
      "requires": {
        "@material/animation": "^1.0.0",
        "@material/base": "^1.0.0",
        "@material/theme": "^1.1.0",
        "tslib": "^1.9.3"
      }
    },
    "@material/list": {
      "version": "1.1.1",
      "resolved": "https://registry.npmjs.org/@material/list/-/list-1.1.1.tgz",
      "integrity": "sha512-YqX2A5qagoBolla6WHzP2BIUid/ufot5rVP2yrTz3DFvmswJMXU3HV2XU9NbiVOiefCjkra9ljtimiTlHUrAEg==",
      "requires": {
        "@material/base": "^1.0.0",
        "@material/dom": "^1.1.0",
        "@material/feature-targeting": "^0.44.1",
        "@material/ripple": "^1.1.0",
        "@material/rtl": "^0.42.0",
        "@material/shape": "^1.1.1",
        "@material/theme": "^1.1.0",
        "@material/typography": "^1.0.0",
        "tslib": "^1.9.3"
      }
    },
    "@material/menu": {
      "version": "1.1.1",
      "resolved": "https://registry.npmjs.org/@material/menu/-/menu-1.1.1.tgz",
      "integrity": "sha512-bfsZ4Uexm02ey665SukjMK+3HtQVu7Bbc/q5chvPmLoMbSQ4PYE19C/p8cXKeNxkhd3S0h/gJDPw/cTbB9mrhg==",
      "requires": {
        "@material/base": "^1.0.0",
        "@material/feature-targeting": "^0.44.1",
        "@material/list": "^1.1.1",
        "@material/menu-surface": "^1.1.1",
        "@material/ripple": "^1.1.0",
        "@material/rtl": "^0.42.0",
        "tslib": "^1.9.3"
      }
    },
    "@material/menu-surface": {
      "version": "1.1.1",
      "resolved": "https://registry.npmjs.org/@material/menu-surface/-/menu-surface-1.1.1.tgz",
      "integrity": "sha512-bOY3LsVamovl/yb4hMBDi3gh8UFEYyP3GHNpTt+X5KBPDehoFhXG9s21aNvGbHZbwURhhWiRzy/OUC3MLE/hKA==",
      "requires": {
        "@material/animation": "^1.0.0",
        "@material/base": "^1.0.0",
        "@material/elevation": "^1.1.0",
        "@material/feature-targeting": "^0.44.1",
        "@material/rtl": "^0.42.0",
        "@material/shape": "^1.1.1",
        "@material/theme": "^1.1.0",
        "tslib": "^1.9.3"
      }
    },
    "@material/notched-outline": {
      "version": "1.1.1",
      "resolved": "https://registry.npmjs.org/@material/notched-outline/-/notched-outline-1.1.1.tgz",
      "integrity": "sha512-HekxMWgIEGlmmdiCATfEJPjAWz2jlyXnfGUiBOkAzI25/OyOgcCd3rLzcMT5DUqItbKoNk1M/9kOmzTSNSt/CA==",
      "requires": {
        "@material/animation": "^1.0.0",
        "@material/base": "^1.0.0",
        "@material/floating-label": "^1.1.0",
        "@material/rtl": "^0.42.0",
        "@material/shape": "^1.1.1",
        "@material/theme": "^1.1.0",
        "tslib": "^1.9.3"
      }
    },
    "@material/radio": {
      "version": "0.41.0",
      "resolved": "https://registry.npmjs.org/@material/radio/-/radio-0.41.0.tgz",
      "integrity": "sha512-nJvVVu2x2lAttUNnJczpZzKWK+3lEw/BOYsSLVSYp1qUlIQsOfQ6aItI7URokbLkQDqDqlsNmvGP5JJv/Cpksw==",
      "requires": {
        "@material/animation": "^0.41.0",
        "@material/base": "^0.41.0",
        "@material/ripple": "^0.41.0",
        "@material/selection-control": "^0.41.0",
        "@material/theme": "^0.41.0"
      },
      "dependencies": {
        "@material/animation": {
          "version": "0.41.0",
          "resolved": "https://registry.npmjs.org/@material/animation/-/animation-0.41.0.tgz",
          "integrity": "sha512-yYAwJbX3Q2AFd4dr6IYOsWLQy2HN8zWOFVl9AbUXunjzTfJCa/ecfXCriaT6qkmoNoHeTdJHRrsQJZC5GsPvzA=="
        },
        "@material/base": {
          "version": "0.41.0",
          "resolved": "https://registry.npmjs.org/@material/base/-/base-0.41.0.tgz",
          "integrity": "sha512-tEyzwBRu3d1H120SfKsDVYZHcqT5lKohh/7cWKR93aAaPDkSvjpKJIjyu2yuSkjpDduVZGzVocYbOvhUKhhzXQ=="
        },
        "@material/ripple": {
          "version": "0.41.0",
          "resolved": "https://registry.npmjs.org/@material/ripple/-/ripple-0.41.0.tgz",
          "integrity": "sha512-rxEUVWM4AByDlTCH0kkthZQmUuY6eeN0X6cOHBoioFN2vUDk0D0Nfzz/N9FF2AlAf8C2lDDLrTuqnJPVIn+NHA==",
          "requires": {
            "@material/animation": "^0.41.0",
            "@material/base": "^0.41.0",
            "@material/theme": "^0.41.0"
          }
        },
        "@material/theme": {
          "version": "0.41.0",
          "resolved": "https://registry.npmjs.org/@material/theme/-/theme-0.41.0.tgz",
          "integrity": "sha512-ohW2JxObKOWvP34EkIIcrEVtL3g0Gs/T3/MdOsM36euyshY8Jwl1f6fjVUQvVjSpixUtSb30/+ulblF8fTOwBg=="
        }
      }
    },
    "@material/react-checkbox": {
      "version": "0.10.0",
      "resolved": "https://registry.npmjs.org/@material/react-checkbox/-/react-checkbox-0.10.0.tgz",
      "integrity": "sha512-sy83t8ivVJWwkpDpCGeRQIRwlYuvUDfsbrpw6XlDqUxUt5fY5f6rbpn9DcojNRIVuCt3Elns7IivGc/eXGzE+Q==",
      "requires": {
        "@material/checkbox": "^0.41.0",
        "@material/react-ripple": "^0.10.0",
        "classnames": "^2.2.5",
        "react": "^16.3.2"
      }
    },
    "@material/react-floating-label": {
      "version": "0.12.1",
      "resolved": "https://registry.npmjs.org/@material/react-floating-label/-/react-floating-label-0.12.1.tgz",
      "integrity": "sha512-AHTqG7aYxq2tXfbbM23940teKWGyuvKEtPZUSO1kckxQOc6+1zXcOA1Vbyjmr91ZNkE9SilQD0gBBh1twO/n4Q==",
      "requires": {
        "@material/floating-label": "^1.0.0",
        "classnames": "^2.2.6",
        "react": "^16.4.2"
      }
    },
    "@material/react-line-ripple": {
      "version": "0.12.0",
      "resolved": "https://registry.npmjs.org/@material/react-line-ripple/-/react-line-ripple-0.12.0.tgz",
      "integrity": "sha512-y0Y9axdYz0JHfVI9LpPff7kho9bKHugLakoz6oOQ40LZnSqo1Nhy4a3OJl+UII8db5JA3L0Gf3148Woz9H5wsQ==",
      "requires": {
        "@material/line-ripple": "^1.0.0",
        "classnames": "^2.2.6",
        "react": "^16.4.2"
      }
    },
    "@material/react-list": {
      "version": "0.12.0",
      "resolved": "https://registry.npmjs.org/@material/react-list/-/react-list-0.12.0.tgz",
      "integrity": "sha512-41qX3jOkEkC/2YPVAw+pdbi0i7GhQ+GypG++o/6wRT+WsaocZHC1NdhSDNhKUeQy0CHznmFXYnx1l7vsjOieig==",
      "requires": {
        "@material/dom": "^1.1.0",
        "@material/list": "^1.0.0",
        "@material/react-checkbox": "^0.10.0",
        "@material/react-radio": "^0.10.0",
        "classnames": "^2.2.6",
        "memoize-one": "^5.0.4",
        "react": "^16.4.2"
      }
    },
    "@material/react-menu": {
      "version": "0.12.1",
      "resolved": "https://registry.npmjs.org/@material/react-menu/-/react-menu-0.12.1.tgz",
      "integrity": "sha512-c5F+fqFof8yWENi7znPOvz2u9fH+5aPerQReQ9T+9IOHVhv0zTuKP8bbfcjGeVf2ofzvps/Z/UA8s6wkx3rXFA==",
      "requires": {
        "@material/menu": "^1.1.0",
        "@material/react-list": "^0.12.0",
        "@material/react-menu-surface": "^0.12.1",
        "classnames": "^2.2.6",
        "react": "^16.4.2"
      }
    },
    "@material/react-menu-surface": {
      "version": "0.12.1",
      "resolved": "https://registry.npmjs.org/@material/react-menu-surface/-/react-menu-surface-0.12.1.tgz",
      "integrity": "sha512-h46EC+k5QPlKLux0Lzmrhdfuye5lEirGsY3fAovI5HLcdUF9TXa193Avo9A20VztLDxXop+UkoDAarZ4qObCXA==",
      "requires": {
        "@material/menu-surface": "^1.0.1",
        "classnames": "^2.2.6",
        "react": "^16.4.2",
        "react-dom": "^16.4.2"
      }
    },
    "@material/react-notched-outline": {
      "version": "0.12.0",
      "resolved": "https://registry.npmjs.org/@material/react-notched-outline/-/react-notched-outline-0.12.0.tgz",
      "integrity": "sha512-ZjuIjUNP/hZlrasyByUy8cboh8O5xLGWk32qtRn8TdnHVGSgEOFSfwUDVXz1Nyboxj+ZYUqGa//SjG/pgviBcQ==",
      "requires": {
        "@material/notched-outline": "^1.1.1",
        "classnames": "^2.2.6",
        "react": "^16.4.2"
      }
    },
    "@material/react-radio": {
      "version": "0.10.0",
      "resolved": "https://registry.npmjs.org/@material/react-radio/-/react-radio-0.10.0.tgz",
      "integrity": "sha512-iDmYyXgko+DO4kv3/7d27rA+C0B5wxKQmYvJqHI566LA6YRQqMRF4mLze/cQ8TM/M49XrhKtvbdpu7x/OdV0hA==",
      "requires": {
        "@material/form-field": "^0.41.0",
        "@material/radio": "^0.41.0",
        "@material/react-ripple": "^0.10.0",
        "classnames": "^2.2.5",
        "react": "^16.4.2"
      }
    },
    "@material/react-ripple": {
      "version": "0.10.0",
      "resolved": "https://registry.npmjs.org/@material/react-ripple/-/react-ripple-0.10.0.tgz",
      "integrity": "sha512-rXg4lI8fN8QmSd5JZW4c7SiD9BCQWeviq7tkDaNSf3FVcqB/rOwSXfOW1Kwgu7inFlDdDuKD30QLYzpSXmIZFA==",
      "requires": {
        "@material/ripple": "^0.41.0",
        "classnames": "^2.2.5",
        "react": "^16.4.2",
        "utility-types": "^3.2.1"
      },
      "dependencies": {
        "@material/animation": {
          "version": "0.41.0",
          "resolved": "https://registry.npmjs.org/@material/animation/-/animation-0.41.0.tgz",
          "integrity": "sha512-yYAwJbX3Q2AFd4dr6IYOsWLQy2HN8zWOFVl9AbUXunjzTfJCa/ecfXCriaT6qkmoNoHeTdJHRrsQJZC5GsPvzA=="
        },
        "@material/base": {
          "version": "0.41.0",
          "resolved": "https://registry.npmjs.org/@material/base/-/base-0.41.0.tgz",
          "integrity": "sha512-tEyzwBRu3d1H120SfKsDVYZHcqT5lKohh/7cWKR93aAaPDkSvjpKJIjyu2yuSkjpDduVZGzVocYbOvhUKhhzXQ=="
        },
        "@material/ripple": {
          "version": "0.41.0",
          "resolved": "https://registry.npmjs.org/@material/ripple/-/ripple-0.41.0.tgz",
          "integrity": "sha512-rxEUVWM4AByDlTCH0kkthZQmUuY6eeN0X6cOHBoioFN2vUDk0D0Nfzz/N9FF2AlAf8C2lDDLrTuqnJPVIn+NHA==",
          "requires": {
            "@material/animation": "^0.41.0",
            "@material/base": "^0.41.0",
            "@material/theme": "^0.41.0"
          }
        },
        "@material/theme": {
          "version": "0.41.0",
          "resolved": "https://registry.npmjs.org/@material/theme/-/theme-0.41.0.tgz",
          "integrity": "sha512-ohW2JxObKOWvP34EkIIcrEVtL3g0Gs/T3/MdOsM36euyshY8Jwl1f6fjVUQvVjSpixUtSb30/+ulblF8fTOwBg=="
        }
      }
    },
    "@material/react-select": {
      "version": "0.12.1",
      "resolved": "https://registry.npmjs.org/@material/react-select/-/react-select-0.12.1.tgz",
      "integrity": "sha512-veDHKzuGQxNnuXcjsDmUpcCLCnXU3svMFh8u4PH1ZgpAkZXMmv2mlS6qdGoz5z+AK040vG66KpZReFP9oW8hUA==",
      "requires": {
        "@material/react-floating-label": "^0.12.1",
        "@material/react-line-ripple": "^0.12.0",
        "@material/react-menu": "^0.12.1",
        "@material/react-menu-surface": "^0.12.1",
        "@material/react-notched-outline": "^0.12.0",
        "@material/select": "^1.1.1",
        "classnames": "^2.2.6",
        "react": "^16.4.2"
      }
    },
    "@material/ripple": {
      "version": "1.1.0",
      "resolved": "https://registry.npmjs.org/@material/ripple/-/ripple-1.1.0.tgz",
      "integrity": "sha512-mkfDBZAmxjpRG7V9TrfOmLxt1g/wvGHCXtYPgvH7W8ozjf53edqxLOFENEdvHbie27y9nyixzXn0gzU0HnxSeA==",
      "requires": {
        "@material/animation": "^1.0.0",
        "@material/base": "^1.0.0",
        "@material/dom": "^1.1.0",
        "@material/feature-targeting": "^0.44.1",
        "@material/theme": "^1.1.0",
        "tslib": "^1.9.3"
      }
    },
    "@material/rtl": {
      "version": "0.42.0",
      "resolved": "https://registry.npmjs.org/@material/rtl/-/rtl-0.42.0.tgz",
      "integrity": "sha512-VrnrKJzhmspsN8WXHuxxBZ69yM5IwhCUqWr1t1eNfw3ZEvEj7i1g3P31HGowKThIN1dc1Wh4LE14rCISWCtv5w=="
    },
    "@material/select": {
      "version": "1.1.1",
      "resolved": "https://registry.npmjs.org/@material/select/-/select-1.1.1.tgz",
      "integrity": "sha512-si/RGmqRcLflBmA4EXeiR4gVuOIM0YAqIwVN7WOwrx+AhfBDuvI9sPMDz2UXZ2VoFpll73TTRMdah2MPTpmCxQ==",
      "requires": {
        "@material/animation": "^1.0.0",
        "@material/base": "^1.0.0",
        "@material/floating-label": "^1.1.0",
        "@material/line-ripple": "^1.1.0",
        "@material/menu": "^1.1.1",
        "@material/menu-surface": "^1.1.1",
        "@material/notched-outline": "^1.1.1",
        "@material/ripple": "^1.1.0",
        "@material/rtl": "^0.42.0",
        "@material/shape": "^1.1.1",
        "@material/theme": "^1.1.0",
        "@material/typography": "^1.0.0",
        "tslib": "^1.9.3"
      }
    },
    "@material/selection-control": {
      "version": "0.41.0",
      "resolved": "https://registry.npmjs.org/@material/selection-control/-/selection-control-0.41.0.tgz",
      "integrity": "sha512-rRHGiZVPoP4nxAAoeqsgTsxz9GwInGs7HIlEhPfMFygmSZVUHHsuOJXSTpOKYi8GCoKHpB0RKZsAtxM0BYAelw==",
      "requires": {
        "@material/ripple": "^0.41.0"
      },
      "dependencies": {
        "@material/animation": {
          "version": "0.41.0",
          "resolved": "https://registry.npmjs.org/@material/animation/-/animation-0.41.0.tgz",
          "integrity": "sha512-yYAwJbX3Q2AFd4dr6IYOsWLQy2HN8zWOFVl9AbUXunjzTfJCa/ecfXCriaT6qkmoNoHeTdJHRrsQJZC5GsPvzA=="
        },
        "@material/base": {
          "version": "0.41.0",
          "resolved": "https://registry.npmjs.org/@material/base/-/base-0.41.0.tgz",
          "integrity": "sha512-tEyzwBRu3d1H120SfKsDVYZHcqT5lKohh/7cWKR93aAaPDkSvjpKJIjyu2yuSkjpDduVZGzVocYbOvhUKhhzXQ=="
        },
        "@material/ripple": {
          "version": "0.41.0",
          "resolved": "https://registry.npmjs.org/@material/ripple/-/ripple-0.41.0.tgz",
          "integrity": "sha512-rxEUVWM4AByDlTCH0kkthZQmUuY6eeN0X6cOHBoioFN2vUDk0D0Nfzz/N9FF2AlAf8C2lDDLrTuqnJPVIn+NHA==",
          "requires": {
            "@material/animation": "^0.41.0",
            "@material/base": "^0.41.0",
            "@material/theme": "^0.41.0"
          }
        },
        "@material/theme": {
          "version": "0.41.0",
          "resolved": "https://registry.npmjs.org/@material/theme/-/theme-0.41.0.tgz",
          "integrity": "sha512-ohW2JxObKOWvP34EkIIcrEVtL3g0Gs/T3/MdOsM36euyshY8Jwl1f6fjVUQvVjSpixUtSb30/+ulblF8fTOwBg=="
        }
      }
    },
    "@material/shape": {
      "version": "1.1.1",
      "resolved": "https://registry.npmjs.org/@material/shape/-/shape-1.1.1.tgz",
      "integrity": "sha512-Jge/h1XBLjdLlam4QMSzVgM99e/N8+elQROPkltqVP7eyLc17BwM3aP5cLVfZDgrJgvsjUxbgAP1H1j8sqmUyg==",
      "requires": {
        "@material/feature-targeting": "^0.44.1"
      }
    },
    "@material/theme": {
      "version": "1.1.0",
      "resolved": "https://registry.npmjs.org/@material/theme/-/theme-1.1.0.tgz",
      "integrity": "sha512-YYUV9Rhbx4r/EMb/zoOYJUWjhXChNaLlH1rqt3vpNVyxRcxGqoVMGp5u1XALBCFiD9dACPKLIkKyRYa928nmPQ==",
      "requires": {
        "@material/feature-targeting": "^0.44.1"
      }
    },
    "@material/typography": {
      "version": "1.0.0",
      "resolved": "https://registry.npmjs.org/@material/typography/-/typography-1.0.0.tgz",
      "integrity": "sha512-Oeqbjci1cC7jTE8/n3dwnkqKe9ZeWiaE+rgMtRYtRFw1HvAw14SpGA5EEAS/Li2Hu2KZ50FYCe3HYqShfxtChA==",
      "requires": {
        "@material/feature-targeting": "^0.44.1"
      }
    },
    "@types/prop-types": {
      "version": "15.7.1",
      "resolved": "https://registry.npmjs.org/@types/prop-types/-/prop-types-15.7.1.tgz",
      "integrity": "sha512-CFzn9idOEpHrgdw8JsoTkaDDyRWk1jrzIV8djzcgpq0y9tG4B4lFT+Nxh52DVpDXV+n4+NPNv7M1Dj5uMp6XFg==",
      "dev": true
    },
    "@types/react": {
      "version": "16.8.17",
      "resolved": "https://registry.npmjs.org/@types/react/-/react-16.8.17.tgz",
      "integrity": "sha512-pln3mgc6VfkNg92WXODul/ONo140huK9OMsx62GlBlZ2lvjNK86PQJhYMPLO1i66aF5O9OPyZefogvNltBIszA==",
      "dev": true,
      "requires": {
        "@types/prop-types": "*",
        "csstype": "^2.2.0"
      }
    },
    "@types/react-dom": {
      "version": "16.8.4",
      "resolved": "https://registry.npmjs.org/@types/react-dom/-/react-dom-16.8.4.tgz",
      "integrity": "sha512-eIRpEW73DCzPIMaNBDP5pPIpK1KXyZwNgfxiVagb5iGiz6da+9A5hslSX6GAQKdO7SayVCS/Fr2kjqprgAvkfA==",
      "dev": true,
      "requires": {
        "@types/react": "*"
      }
    },
    "classnames": {
      "version": "2.2.6",
      "resolved": "https://registry.npmjs.org/classnames/-/classnames-2.2.6.tgz",
      "integrity": "sha512-JR/iSQOSt+LQIWwrwEzJ9uk0xfN3mTVYMwt1Ir5mUcSN6pU+V4zQFFaJsclJbPuAUQH+yfWef6tm7l1quW3C8Q=="
    },
    "csstype": {
      "version": "2.6.4",
      "resolved": "https://registry.npmjs.org/csstype/-/csstype-2.6.4.tgz",
      "integrity": "sha512-lAJUJP3M6HxFXbqtGRc0iZrdyeN+WzOWeY0q/VnFzI+kqVrYIzC7bWlKqCW7oCIdzoPkvfp82EVvrTlQ8zsWQg==",
      "dev": true
    },
    "js-tokens": {
      "version": "4.0.0",
      "resolved": "https://registry.npmjs.org/js-tokens/-/js-tokens-4.0.0.tgz",
      "integrity": "sha512-RdJUflcE3cUzKiMqQgsCu06FPu9UdIJO0beYbPhHN4k6apgJtifcoCtT9bcxOpYBtpD2kCM6Sbzg4CausW/PKQ=="
    },
    "loose-envify": {
      "version": "1.4.0",
      "resolved": "https://registry.npmjs.org/loose-envify/-/loose-envify-1.4.0.tgz",
      "integrity": "sha512-lyuxPGr/Wfhrlem2CL/UcnUc1zcqKAImBDzukY7Y5F/yQiNdko6+fRLevlw1HgMySw7f611UIY408EtxRSoK3Q==",
      "requires": {
        "js-tokens": "^3.0.0 || ^4.0.0"
      }
    },
    "memoize-one": {
      "version": "5.0.4",
      "resolved": "https://registry.npmjs.org/memoize-one/-/memoize-one-5.0.4.tgz",
      "integrity": "sha512-P0z5IeAH6qHHGkJIXWw0xC2HNEgkx/9uWWBQw64FJj3/ol14VYdfVGWWr0fXfjhhv3TKVIqUq65os6O4GUNksA=="
    },
    "object-assign": {
      "version": "4.1.1",
      "resolved": "https://registry.npmjs.org/object-assign/-/object-assign-4.1.1.tgz",
      "integrity": "sha1-IQmtx5ZYh8/AXLvUQsrIv7s2CGM="
    },
    "prop-types": {
      "version": "15.7.2",
      "resolved": "https://registry.npmjs.org/prop-types/-/prop-types-15.7.2.tgz",
      "integrity": "sha512-8QQikdH7//R2vurIJSutZ1smHYTcLpRWEOlHnzcWHmBYrOGUysKwSsrC89BCiFj3CbrfJ/nXFdJepOVrY1GCHQ==",
      "requires": {
        "loose-envify": "^1.4.0",
        "object-assign": "^4.1.1",
        "react-is": "^16.8.1"
      }
    },
    "react": {
      "version": "16.8.6",
      "resolved": "https://registry.npmjs.org/react/-/react-16.8.6.tgz",
      "integrity": "sha512-pC0uMkhLaHm11ZSJULfOBqV4tIZkx87ZLvbbQYunNixAAvjnC+snJCg0XQXn9VIsttVsbZP/H/ewzgsd5fxKXw==",
      "requires": {
        "loose-envify": "^1.1.0",
        "object-assign": "^4.1.1",
        "prop-types": "^15.6.2",
        "scheduler": "^0.13.6"
      }
    },
    "react-dom": {
      "version": "16.8.6",
      "resolved": "https://registry.npmjs.org/react-dom/-/react-dom-16.8.6.tgz",
      "integrity": "sha512-1nL7PIq9LTL3fthPqwkvr2zY7phIPjYrT0jp4HjyEQrEROnw4dG41VVwi/wfoCneoleqrNX7iAD+pXebJZwrwA==",
      "requires": {
        "loose-envify": "^1.1.0",
        "object-assign": "^4.1.1",
        "prop-types": "^15.6.2",
        "scheduler": "^0.13.6"
      }
    },
    "react-is": {
      "version": "16.8.6",
      "resolved": "https://registry.npmjs.org/react-is/-/react-is-16.8.6.tgz",
      "integrity": "sha512-aUk3bHfZ2bRSVFFbbeVS4i+lNPZr3/WM5jT2J5omUVV1zzcs1nAaf3l51ctA5FFvCRbhrH0bdAsRRQddFJZPtA=="
    },
    "scheduler": {
      "version": "0.13.6",
      "resolved": "https://registry.npmjs.org/scheduler/-/scheduler-0.13.6.tgz",
      "integrity": "sha512-IWnObHt413ucAYKsD9J1QShUKkbKLQQHdxRyw73sw4FN26iWr3DY/H34xGPe4nmL1DwXyWmSWmMrA9TfQbE/XQ==",
      "requires": {
        "loose-envify": "^1.1.0",
        "object-assign": "^4.1.1"
      }
    },
    "tslib": {
      "version": "1.9.3",
      "resolved": "https://registry.npmjs.org/tslib/-/tslib-1.9.3.tgz",
      "integrity": "sha512-4krF8scpejhaOgqzBEcGM7yDIEfi0/8+8zDRZhNZZ2kjmHJ4hv3zCbQWxoJGz1iw5U0Jl0nma13xzHXcncMavQ=="
    },
    "typescript": {
      "version": "3.4.5",
      "resolved": "https://registry.npmjs.org/typescript/-/typescript-3.4.5.tgz",
      "integrity": "sha512-YycBxUb49UUhdNMU5aJ7z5Ej2XGmaIBL0x34vZ82fn3hGvD+bgrMrVDpatgz2f7YxUMJxMkbWxJZeAvDxVe7Vw==",
      "dev": true
    },
    "utility-types": {
      "version": "3.7.0",
      "resolved": "https://registry.npmjs.org/utility-types/-/utility-types-3.7.0.tgz",
      "integrity": "sha512-mqRJXN7dEArK/NZNJUubjr9kbFFVZcmF/JHDc9jt5O/aYXUVmopHYujDMhLmLil1Bxo2+khe6KAIVvDH9Yc4VA=="
    }
  }
}
